
Microsoft Visual Studio Solution File, Format Version 12.00
# Visual Studio Version 17
VisualStudioVersion = 17.5.33516.290
MinimumVisualStudioVersion = 10.0.40219.1
Project("{FAE04EC0-301F-11D3-BF4B-00C04F79EFBC}") = "Pub.API", "Pub.API\Pub.API.csproj", "{7F85F28B-DD7F-4FF4-A731-47024866F2D8}"
EndProject
Project("{FAE04EC0-301F-11D3-BF4B-00C04F79EFBC}") = "Pub.Core", "Pub.Core\Pub.Core.csproj", "{B95E4980-A875-4537-B834-EC9D2282B204}"
EndProject
Global
	GlobalSection(SolutionConfigurationPlatforms) = preSolution
		Debug|Any CPU = Debug|Any CPU
		Release|Any CPU = Release|Any CPU
	EndGlobalSection
	GlobalSection(ProjectConfigurationPlatforms) = postSolution
		{7F85F28B-DD7F-4FF4-A731-47024866F2D8}.Debug|Any CPU.ActiveCfg = Debug|Any CPU
		{7F85F28B-DD7F-4FF4-A731-47024866F2D8}.Debug|Any CPU.Build.0 = Debug|Any CPU
		{7F85F28B-DD7F-4FF4-A731-47024866F2D8}.Release|Any CPU.ActiveCfg = Release|Any CPU
		{7F85F28B-DD7F-4FF4-A731-47024866F2D8}.Release|Any CPU.Build.0 = Release|Any CPU
		{B95E4980-A875-4537-B834-EC9D2282B204}.Debug|Any CPU.ActiveCfg = Debug|Any CPU
		{B95E4980-A875-4537-B834-EC9D2282B204}.Debug|Any CPU.Build.0 = Debug|Any CPU
		{B95E4980-A875-4537-B834-EC9D2282B204}.Release|Any CPU.ActiveCfg = Release|Any CPU
		{B95E4980-A875-4537-B834-EC9D2282B204}.Release|Any CPU.Build.0 = Release|Any CPU
	EndGlobalSection
	GlobalSection(SolutionProperties) = preSolution
		HideSolutionNode = FALSE
	EndGlobalSection
	GlobalSection(ExtensibilityGlobals) = postSolution
		SolutionGuid = {F7412AD2-6761-4B4C-A748-DE954FBEA491}
	EndGlobalSection
EndGlobal
